
Microsoft Visual Studio Solution File, Format Version 12.00
# Visual Studio Version 17
VisualStudioVersion = 17.4.32912.340
MinimumVisualStudioVersion = 10.0.40219.1
Project("{FAE04EC0-301F-11D3-BF4B-00C04F79EFBC}") = "AslamovInspectorLib", "AslamovInspectorLib\AslamovInspectorLib.csproj", "{9557974D-3288-4FF8-9376-775322A37C4E}"
EndProject
Project("{FAE04EC0-301F-11D3-BF4B-00C04F79EFBC}") = "InspectorLib", "InspectorLib\InspectorLib.csproj", "{DE8A2122-1D7A-4659-9337-CBFCF92A9478}"
EndProject
Global
	GlobalSection(SolutionConfigurationPlatforms) = preSolution
		Debug|Any CPU = Debug|Any CPU
		Release|Any CPU = Release|Any CPU
	EndGlobalSection
	GlobalSection(ProjectConfigurationPlatforms) = postSolution
		{9557974D-3288-4FF8-9376-775322A37C4E}.Debug|Any CPU.ActiveCfg = Debug|Any CPU
		{9557974D-3288-4FF8-9376-775322A37C4E}.Debug|Any CPU.Build.0 = Debug|Any CPU
		{9557974D-3288-4FF8-9376-775322A37C4E}.Release|Any CPU.ActiveCfg = Release|Any CPU
		{9557974D-3288-4FF8-9376-775322A37C4E}.Release|Any CPU.Build.0 = Release|Any CPU
		{DE8A2122-1D7A-4659-9337-CBFCF92A9478}.Debug|Any CPU.ActiveCfg = Debug|Any CPU
		{DE8A2122-1D7A-4659-9337-CBFCF92A9478}.Debug|Any CPU.Build.0 = Debug|Any CPU
		{DE8A2122-1D7A-4659-9337-CBFCF92A9478}.Release|Any CPU.ActiveCfg = Release|Any CPU
		{DE8A2122-1D7A-4659-9337-CBFCF92A9478}.Release|Any CPU.Build.0 = Release|Any CPU
	EndGlobalSection
	GlobalSection(SolutionProperties) = preSolution
		HideSolutionNode = FALSE
	EndGlobalSection
	GlobalSection(ExtensibilityGlobals) = postSolution
		SolutionGuid = {3C03029E-9291-48C2-A710-671262B06DE2}
	EndGlobalSection
EndGlobal
